// !$*UTF8*$!
{
	archiveVersion = 1;
	classes = {
	};
	objectVersion = 50;
	objects = {

/* Begin PBXBuildFile section */
		8410E30B20FA30E200401577 /* HomeViewController.swift in Sources */ = {isa = PBXBuildFile; fileRef = 8410E30A20FA30E200401577 /* HomeViewController.swift */; };
		8410E30D20FA30F900401577 /* FindFriendsViewController.swift in Sources */ = {isa = PBXBuildFile; fileRef = 8410E30C20FA30F900401577 /* FindFriendsViewController.swift */; };
		8411C16020FF6CF50085D9B6 /* PSFPhotoHelper.swift in Sources */ = {isa = PBXBuildFile; fileRef = 8411C15F20FF6CF50085D9B6 /* PSFPhotoHelper.swift */; };
		8412D23620F8BF1B009962D5 /* UserService.swift in Sources */ = {isa = PBXBuildFile; fileRef = 8412D23520F8BF1B009962D5 /* UserService.swift */; };
		8412D23820F8CCD1009962D5 /* Constants.swift in Sources */ = {isa = PBXBuildFile; fileRef = 8412D23720F8CCD1009962D5 /* Constants.swift */; };
		8412D23A20F8CF3F009962D5 /* Storyboard+Utility.swift in Sources */ = {isa = PBXBuildFile; fileRef = 8412D23920F8CF3F009962D5 /* Storyboard+Utility.swift */; };
		84157364210273F100C47B65 /* Post.swift in Sources */ = {isa = PBXBuildFile; fileRef = 84157363210273F100C47B65 /* Post.swift */; };
		8415736621027D3100C47B65 /* StorageReference+Post.swift in Sources */ = {isa = PBXBuildFile; fileRef = 8415736521027D3100C47B65 /* StorageReference+Post.swift */; };
		8415736821027EDE00C47B65 /*  UIImage+Size.swift in Sources */ = {isa = PBXBuildFile; fileRef = 8415736721027EDE00C47B65 /*  UIImage+Size.swift */; };
		8416D1AF20F654A9002494AC /* AppDelegate.swift in Sources */ = {isa = PBXBuildFile; fileRef = 8416D1AE20F654A9002494AC /* AppDelegate.swift */; };
		8416D1B420F654A9002494AC /* Main.storyboard in Resources */ = {isa = PBXBuildFile; fileRef = 8416D1B220F654A9002494AC /* Main.storyboard */; };
		8416D1B620F654AB002494AC /* Assets.xcassets in Resources */ = {isa = PBXBuildFile; fileRef = 8416D1B520F654AB002494AC /* Assets.xcassets */; };
		8416D1B920F654AB002494AC /* LaunchScreen.storyboard in Resources */ = {isa = PBXBuildFile; fileRef = 8416D1B720F654AB002494AC /* LaunchScreen.storyboard */; };
		8416D1C320F660F2002494AC /* GoogleService-Info.plist in Resources */ = {isa = PBXBuildFile; fileRef = 8416D1C220F660F2002494AC /* GoogleService-Info.plist */; };
		84527A5E21008B8700F46C99 /* StorageService.swift in Sources */ = {isa = PBXBuildFile; fileRef = 84527A5D21008B8700F46C99 /* StorageService.swift */; };
		84527A602100A38B00F46C99 /* PostService.swift in Sources */ = {isa = PBXBuildFile; fileRef = 84527A5F2100A38B00F46C99 /* PostService.swift */; };
		84569EC420F8950800FA983D /* CreateUsernameViewController.swift in Sources */ = {isa = PBXBuildFile; fileRef = 84569EC320F8950800FA983D /* CreateUsernameViewController.swift */; };
		8459AE0E20FF27A500E367D7 /* MainTabBarController.swift in Sources */ = {isa = PBXBuildFile; fileRef = 8459AE0D20FF27A500E367D7 /* MainTabBarController.swift */; };
		8463934F2109EA03006AE8CD /* Home.storyboard in Resources */ = {isa = PBXBuildFile; fileRef = 8463934E2109EA03006AE8CD /* Home.storyboard */; };
		84639E3E210B14B40042078E /* PostImageCell.swift in Sources */ = {isa = PBXBuildFile; fileRef = 84639E3D210B14B40042078E /* PostImageCell.swift */; };
		84639E40210B2FC80042078E /* PostHeaderCell.swift in Sources */ = {isa = PBXBuildFile; fileRef = 84639E3F210B2FC80042078E /* PostHeaderCell.swift */; };
		8486449B20F7358600B1BBD9 /* Login.storyboard in Resources */ = {isa = PBXBuildFile; fileRef = 8486449A20F7358600B1BBD9 /* Login.storyboard */; };
		8486449D20F7369D00B1BBD9 /* LoginViewController.swift in Sources */ = {isa = PBXBuildFile; fileRef = 8486449C20F7369D00B1BBD9 /* LoginViewController.swift */; };
		8486449F20F75C8F00B1BBD9 /* User.swift in Sources */ = {isa = PBXBuildFile; fileRef = 8486449E20F75C8F00B1BBD9 /* User.swift */; };
		DBC84BBB9E6B07D36232F053 /* Pods_PhotoShareFetch.framework in Frameworks */ = {isa = PBXBuildFile; fileRef = 7678D20B7AEBDEAA75EA4D9F /* Pods_PhotoShareFetch.framework */; };
/* End PBXBuildFile section */

/* Begin PBXFileReference section */
		7678D20B7AEBDEAA75EA4D9F /* Pods_PhotoShareFetch.framework */ = {isa = PBXFileReference; explicitFileType = wrapper.framework; includeInIndex = 0; path = Pods_PhotoShareFetch.framework; sourceTree = BUILT_PRODUCTS_DIR; };
		8410E30A20FA30E200401577 /* HomeViewController.swift */ = {isa = PBXFileReference; lastKnownFileType = sourcecode.swift; path = HomeViewController.swift; sourceTree = "<group>"; };
		8410E30C20FA30F900401577 /* FindFriendsViewController.swift */ = {isa = PBXFileReference; lastKnownFileType = sourcecode.swift; path = FindFriendsViewController.swift; sourceTree = "<group>"; };
		8411C15F20FF6CF50085D9B6 /* PSFPhotoHelper.swift */ = {isa = PBXFileReference; lastKnownFileType = sourcecode.swift; path = PSFPhotoHelper.swift; sourceTree = "<group>"; };
		8412D23520F8BF1B009962D5 /* UserService.swift */ = {isa = PBXFileReference; lastKnownFileType = sourcecode.swift; path = UserService.swift; sourceTree = "<group>"; };
		8412D23720F8CCD1009962D5 /* Constants.swift */ = {isa = PBXFileReference; lastKnownFileType = sourcecode.swift; path = Constants.swift; sourceTree = "<group>"; };
		8412D23920F8CF3F009962D5 /* Storyboard+Utility.swift */ = {isa = PBXFileReference; lastKnownFileType = sourcecode.swift; path = "Storyboard+Utility.swift"; sourceTree = "<group>"; };
		84157363210273F100C47B65 /* Post.swift */ = {isa = PBXFileReference; lastKnownFileType = sourcecode.swift; path = Post.swift; sourceTree = "<group>"; };
		8415736521027D3100C47B65 /* StorageReference+Post.swift */ = {isa = PBXFileReference; lastKnownFileType = sourcecode.swift; path = "StorageReference+Post.swift"; sourceTree = "<group>"; };
		8415736721027EDE00C47B65 /*  UIImage+Size.swift */ = {isa = PBXFileReference; lastKnownFileType = sourcecode.swift; path = " UIImage+Size.swift"; sourceTree = "<group>"; };
		8416D1AB20F654A9002494AC /* PhotoShareFetch.app */ = {isa = PBXFileReference; explicitFileType = wrapper.application; includeInIndex = 0; path = PhotoShareFetch.app; sourceTree = BUILT_PRODUCTS_DIR; };
		8416D1AE20F654A9002494AC /* AppDelegate.swift */ = {isa = PBXFileReference; lastKnownFileType = sourcecode.swift; path = AppDelegate.swift; sourceTree = "<group>"; };
		8416D1B320F654A9002494AC /* Base */ = {isa = PBXFileReference; lastKnownFileType = file.storyboard; name = Base; path = Base.lproj/Main.storyboard; sourceTree = "<group>"; };
		8416D1B520F654AB002494AC /* Assets.xcassets */ = {isa = PBXFileReference; lastKnownFileType = folder.assetcatalog; path = Assets.xcassets; sourceTree = "<group>"; };
		8416D1B820F654AB002494AC /* Base */ = {isa = PBXFileReference; lastKnownFileType = file.storyboard; name = Base; path = Base.lproj/LaunchScreen.storyboard; sourceTree = "<group>"; };
		8416D1BA20F654AB002494AC /* Info.plist */ = {isa = PBXFileReference; lastKnownFileType = text.plist.xml; path = Info.plist; sourceTree = "<group>"; };
		8416D1C220F660F2002494AC /* GoogleService-Info.plist */ = {isa = PBXFileReference; fileEncoding = 4; lastKnownFileType = text.plist.xml; path = "GoogleService-Info.plist"; sourceTree = "<group>"; };
		84527A5D21008B8700F46C99 /* StorageService.swift */ = {isa = PBXFileReference; lastKnownFileType = sourcecode.swift; path = StorageService.swift; sourceTree = "<group>"; };
		84527A5F2100A38B00F46C99 /* PostService.swift */ = {isa = PBXFileReference; lastKnownFileType = sourcecode.swift; path = PostService.swift; sourceTree = "<group>"; };
		84569EC320F8950800FA983D /* CreateUsernameViewController.swift */ = {isa = PBXFileReference; lastKnownFileType = sourcecode.swift; path = CreateUsernameViewController.swift; sourceTree = "<group>"; };
		8459AE0D20FF27A500E367D7 /* MainTabBarController.swift */ = {isa = PBXFileReference; lastKnownFileType = sourcecode.swift; path = MainTabBarController.swift; sourceTree = "<group>"; };
		8463934E2109EA03006AE8CD /* Home.storyboard */ = {isa = PBXFileReference; fileEncoding = 4; lastKnownFileType = file.storyboard; path = Home.storyboard; sourceTree = "<group>"; };
		84639E3D210B14B40042078E /* PostImageCell.swift */ = {isa = PBXFileReference; lastKnownFileType = sourcecode.swift; path = PostImageCell.swift; sourceTree = "<group>"; };
		84639E3F210B2FC80042078E /* PostHeaderCell.swift */ = {isa = PBXFileReference; lastKnownFileType = sourcecode.swift; path = PostHeaderCell.swift; sourceTree = "<group>"; };
		8486449A20F7358600B1BBD9 /* Login.storyboard */ = {isa = PBXFileReference; lastKnownFileType = file.storyboard; path = Login.storyboard; sourceTree = "<group>"; };
		8486449C20F7369D00B1BBD9 /* LoginViewController.swift */ = {isa = PBXFileReference; lastKnownFileType = sourcecode.swift; path = LoginViewController.swift; sourceTree = "<group>"; };
		8486449E20F75C8F00B1BBD9 /* User.swift */ = {isa = PBXFileReference; lastKnownFileType = sourcecode.swift; path = User.swift; sourceTree = "<group>"; };
		D4EE2C9165BEA0C9FB9C66CE /* Pods-PhotoShareFetch.debug.xcconfig */ = {isa = PBXFileReference; includeInIndex = 1; lastKnownFileType = text.xcconfig; name = "Pods-PhotoShareFetch.debug.xcconfig"; path = "Pods/Target Support Files/Pods-PhotoShareFetch/Pods-PhotoShareFetch.debug.xcconfig"; sourceTree = "<group>"; };
		F2D121ED03022EACC9B1441A /* Pods-PhotoShareFetch.release.xcconfig */ = {isa = PBXFileReference; includeInIndex = 1; lastKnownFileType = text.xcconfig; name = "Pods-PhotoShareFetch.release.xcconfig"; path = "Pods/Target Support Files/Pods-PhotoShareFetch/Pods-PhotoShareFetch.release.xcconfig"; sourceTree = "<group>"; };
/* End PBXFileReference section */

/* Begin PBXFrameworksBuildPhase section */
		8416D1A820F654A9002494AC /* Frameworks */ = {
			isa = PBXFrameworksBuildPhase;
			buildActionMask = 2147483647;
			files = (
				DBC84BBB9E6B07D36232F053 /* Pods_PhotoShareFetch.framework in Frameworks */,
			);
			runOnlyForDeploymentPostprocessing = 0;
		};
/* End PBXFrameworksBuildPhase section */

/* Begin PBXGroup section */
		8416D1A220F654A9002494AC = {
			isa = PBXGroup;
			children = (
				8416D1AD20F654A9002494AC /* PhotoShareFetch */,
				8416D1CB20F69241002494AC /* View */,
				8416D1C720F691E0002494AC /* Models */,
				8416D1C420F69186002494AC /* Controllers */,
				8416D1C820F691ED002494AC /* Services */,
				8416D1C620F691C5002494AC /* Helpers */,
				8416D1C520F691A2002494AC /* Extensions */,
				8416D1C920F69209002494AC /* Storyboards */,
				8416D1B520F654AB002494AC /* Assets.xcassets */,
				8416D1CA20F6921F002494AC /* Supporting Files */,
				8416D1AC20F654A9002494AC /* Products */,
				ADAC65A1ADED0BA22AD69A2A /* Pods */,
				F6568AE07102551FB5F13FF5 /* Frameworks */,
			);
			sourceTree = "<group>";
		};
		8416D1AC20F654A9002494AC /* Products */ = {
			isa = PBXGroup;
			children = (
				8416D1AB20F654A9002494AC /* PhotoShareFetch.app */,
			);
			name = Products;
			sourceTree = "<group>";
		};
		8416D1AD20F654A9002494AC /* PhotoShareFetch */ = {
			isa = PBXGroup;
			children = (
				8416D1AE20F654A9002494AC /* AppDelegate.swift */,
			);
			path = PhotoShareFetch;
			sourceTree = "<group>";
		};
		8416D1C420F69186002494AC /* Controllers */ = {
			isa = PBXGroup;
			children = (
				8486449C20F7369D00B1BBD9 /* LoginViewController.swift */,
				84569EC320F8950800FA983D /* CreateUsernameViewController.swift */,
				8410E30A20FA30E200401577 /* HomeViewController.swift */,
				8410E30C20FA30F900401577 /* FindFriendsViewController.swift */,
				8459AE0D20FF27A500E367D7 /* MainTabBarController.swift */,
			);
			path = Controllers;
			sourceTree = "<group>";
		};
		8416D1C520F691A2002494AC /* Extensions */ = {
			isa = PBXGroup;
			children = (
				8412D23920F8CF3F009962D5 /* Storyboard+Utility.swift */,
				8415736521027D3100C47B65 /* StorageReference+Post.swift */,
				8415736721027EDE00C47B65 /*  UIImage+Size.swift */,
			);
			path = Extensions;
			sourceTree = "<group>";
		};
		8416D1C620F691C5002494AC /* Helpers */ = {
			isa = PBXGroup;
			children = (
				8411C15F20FF6CF50085D9B6 /* PSFPhotoHelper.swift */,
			);
			path = Helpers;
			sourceTree = "<group>";
		};
		8416D1C720F691E0002494AC /* Models */ = {
			isa = PBXGroup;
			children = (
				8486449E20F75C8F00B1BBD9 /* User.swift */,
				84157363210273F100C47B65 /* Post.swift */,
			);
			path = Models;
			sourceTree = "<group>";
		};
		8416D1C820F691ED002494AC /* Services */ = {
			isa = PBXGroup;
			children = (
				8412D23520F8BF1B009962D5 /* UserService.swift */,
				84527A5D21008B8700F46C99 /* StorageService.swift */,
				84527A5F2100A38B00F46C99 /* PostService.swift */,
			);
			path = Services;
			sourceTree = "<group>";
		};
		8416D1C920F69209002494AC /* Storyboards */ = {
			isa = PBXGroup;
			children = (
				8463934E2109EA03006AE8CD /* Home.storyboard */,
				8416D1B720F654AB002494AC /* LaunchScreen.storyboard */,
				8416D1B220F654A9002494AC /* Main.storyboard */,
				8486449A20F7358600B1BBD9 /* Login.storyboard */,
			);
			path = Storyboards;
			sourceTree = "<group>";
		};
		8416D1CA20F6921F002494AC /* Supporting Files */ = {
			isa = PBXGroup;
			children = (
				8416D1BA20F654AB002494AC /* Info.plist */,
				8416D1C220F660F2002494AC /* GoogleService-Info.plist */,
				8412D23720F8CCD1009962D5 /* Constants.swift */,
			);
			path = "Supporting Files";
			sourceTree = "<group>";
		};
		8416D1CB20F69241002494AC /* View */ = {
			isa = PBXGroup;
			children = (
				84639E3D210B14B40042078E /* PostImageCell.swift */,
				84639E3F210B2FC80042078E /* PostHeaderCell.swift */,
			);
			path = View;
			sourceTree = "<group>";
		};
		ADAC65A1ADED0BA22AD69A2A /* Pods */ = {
			isa = PBXGroup;
			children = (
				D4EE2C9165BEA0C9FB9C66CE /* Pods-PhotoShareFetch.debug.xcconfig */,
				F2D121ED03022EACC9B1441A /* Pods-PhotoShareFetch.release.xcconfig */,
			);
			name = Pods;
			sourceTree = "<group>";
		};
		F6568AE07102551FB5F13FF5 /* Frameworks */ = {
			isa = PBXGroup;
			children = (
				7678D20B7AEBDEAA75EA4D9F /* Pods_PhotoShareFetch.framework */,
			);
			name = Frameworks;
			sourceTree = "<group>";
		};
/* End PBXGroup section */

/* Begin PBXNativeTarget section */
		8416D1AA20F654A9002494AC /* PhotoShareFetch */ = {
			isa = PBXNativeTarget;
			buildConfigurationList = 8416D1BD20F654AB002494AC /* Build configuration list for PBXNativeTarget "PhotoShareFetch" */;
			buildPhases = (
				342EE051E1E3AA87D3A58357 /* [CP] Check Pods Manifest.lock */,
				8416D1A720F654A9002494AC /* Sources */,
				8416D1A820F654A9002494AC /* Frameworks */,
				8416D1A920F654A9002494AC /* Resources */,
				5AA8D3AD5E1727849DC58660 /* [CP] Embed Pods Frameworks */,
				8CB466A209A8AD9957A7C2C5 /* [CP] Copy Pods Resources */,
			);
			buildRules = (
			);
			dependencies = (
			);
			name = PhotoShareFetch;
			productName = PhotoShareFetch;
			productReference = 8416D1AB20F654A9002494AC /* PhotoShareFetch.app */;
			productType = "com.apple.product-type.application";
		};
/* End PBXNativeTarget section */

/* Begin PBXProject section */
		8416D1A320F654A9002494AC /* Project object */ = {
			isa = PBXProject;
			attributes = {
				LastSwiftUpdateCheck = 0940;
				LastUpgradeCheck = 0940;
				ORGANIZATIONNAME = roshy;
				TargetAttributes = {
					8416D1AA20F654A9002494AC = {
						CreatedOnToolsVersion = 9.4.1;
					};
				};
			};
			buildConfigurationList = 8416D1A620F654A9002494AC /* Build configuration list for PBXProject "PhotoShareFetch" */;
			compatibilityVersion = "Xcode 9.3";
			developmentRegion = en;
			hasScannedForEncodings = 0;
			knownRegions = (
				en,
				Base,
			);
			mainGroup = 8416D1A220F654A9002494AC;
			productRefGroup = 8416D1AC20F654A9002494AC /* Products */;
			projectDirPath = "";
			projectRoot = "";
			targets = (
				8416D1AA20F654A9002494AC /* PhotoShareFetch */,
			);
		};
/* End PBXProject section */

/* Begin PBXResourcesBuildPhase section */
		8416D1A920F654A9002494AC /* Resources */ = {
			isa = PBXResourcesBuildPhase;
			buildActionMask = 2147483647;
			files = (
				8416D1C320F660F2002494AC /* GoogleService-Info.plist in Resources */,
				8416D1B920F654AB002494AC /* LaunchScreen.storyboard in Resources */,
				8416D1B620F654AB002494AC /* Assets.xcassets in Resources */,
				8463934F2109EA03006AE8CD /* Home.storyboard in Resources */,
				8486449B20F7358600B1BBD9 /* Login.storyboard in Resources */,
				8416D1B420F654A9002494AC /* Main.storyboard in Resources */,
			);
			runOnlyForDeploymentPostprocessing = 0;
		};
/* End PBXResourcesBuildPhase section */

/* Begin PBXShellScriptBuildPhase section */
		342EE051E1E3AA87D3A58357 /* [CP] Check Pods Manifest.lock */ = {
			isa = PBXShellScriptBuildPhase;
			buildActionMask = 2147483647;
			files = (
			);
			inputPaths = (
				"${PODS_PODFILE_DIR_PATH}/Podfile.lock",
				"${PODS_ROOT}/Manifest.lock",
			);
			name = "[CP] Check Pods Manifest.lock";
			outputPaths = (
				"$(DERIVED_FILE_DIR)/Pods-PhotoShareFetch-checkManifestLockResult.txt",
			);
			runOnlyForDeploymentPostprocessing = 0;
			shellPath = /bin/sh;
			shellScript = "diff \"${PODS_PODFILE_DIR_PATH}/Podfile.lock\" \"${PODS_ROOT}/Manifest.lock\" > /dev/null\nif [ $? != 0 ] ; then\n    # print error to STDERR\n    echo \"error: The sandbox is not in sync with the Podfile.lock. Run 'pod install' or update your CocoaPods installation.\" >&2\n    exit 1\nfi\n# This output is used by Xcode 'outputs' to avoid re-running this script phase.\necho \"SUCCESS\" > \"${SCRIPT_OUTPUT_FILE_0}\"\n";
			showEnvVarsInLog = 0;
		};
		5AA8D3AD5E1727849DC58660 /* [CP] Embed Pods Frameworks */ = {
			isa = PBXShellScriptBuildPhase;
			buildActionMask = 2147483647;
			files = (
			);
			inputPaths = (
				"${SRCROOT}/Pods/Target Support Files/Pods-PhotoShareFetch/Pods-PhotoShareFetch-frameworks.sh",
				"${BUILT_PRODUCTS_DIR}/GTMSessionFetcher/GTMSessionFetcher.framework",
				"${BUILT_PRODUCTS_DIR}/GoogleToolboxForMac/GoogleToolboxForMac.framework",
				"${BUILT_PRODUCTS_DIR}/Kingfisher/Kingfisher.framework",
				"${BUILT_PRODUCTS_DIR}/leveldb-library/leveldb.framework",
				"${BUILT_PRODUCTS_DIR}/nanopb/nanopb.framework",
			);
			name = "[CP] Embed Pods Frameworks";
			outputPaths = (
				"${TARGET_BUILD_DIR}/${FRAMEWORKS_FOLDER_PATH}/GTMSessionFetcher.framework",
				"${TARGET_BUILD_DIR}/${FRAMEWORKS_FOLDER_PATH}/GoogleToolboxForMac.framework",
				"${TARGET_BUILD_DIR}/${FRAMEWORKS_FOLDER_PATH}/Kingfisher.framework",
				"${TARGET_BUILD_DIR}/${FRAMEWORKS_FOLDER_PATH}/leveldb.framework",
				"${TARGET_BUILD_DIR}/${FRAMEWORKS_FOLDER_PATH}/nanopb.framework",
			);
			runOnlyForDeploymentPostprocessing = 0;
			shellPath = /bin/sh;
			shellScript = "\"${SRCROOT}/Pods/Target Support Files/Pods-PhotoShareFetch/Pods-PhotoShareFetch-frameworks.sh\"\n";
			showEnvVarsInLog = 0;
		};
		8CB466A209A8AD9957A7C2C5 /* [CP] Copy Pods Resources */ = {
			isa = PBXShellScriptBuildPhase;
			buildActionMask = 2147483647;
			files = (
			);
			inputPaths = (
				"${SRCROOT}/Pods/Target Support Files/Pods-PhotoShareFetch/Pods-PhotoShareFetch-resources.sh",
				"${PODS_CONFIGURATION_BUILD_DIR}/FirebaseUI/FirebaseAuthUI.bundle",
			);
			name = "[CP] Copy Pods Resources";
			outputPaths = (
				"${TARGET_BUILD_DIR}/${UNLOCALIZED_RESOURCES_FOLDER_PATH}/FirebaseAuthUI.bundle",
			);
			runOnlyForDeploymentPostprocessing = 0;
			shellPath = /bin/sh;
			shellScript = "\"${SRCROOT}/Pods/Target Support Files/Pods-PhotoShareFetch/Pods-PhotoShareFetch-resources.sh\"\n";
			showEnvVarsInLog = 0;
		};
/* End PBXShellScriptBuildPhase section */

/* Begin PBXSourcesBuildPhase section */
		8416D1A720F654A9002494AC /* Sources */ = {
			isa = PBXSourcesBuildPhase;
			buildActionMask = 2147483647;
			files = (
				8486449F20F75C8F00B1BBD9 /* User.swift in Sources */,
				84527A5E21008B8700F46C99 /* StorageService.swift in Sources */,
				8486449D20F7369D00B1BBD9 /* LoginViewController.swift in Sources */,
				8459AE0E20FF27A500E367D7 /* MainTabBarController.swift in Sources */,
				8412D23620F8BF1B009962D5 /* UserService.swift in Sources */,
				8415736821027EDE00C47B65 /*  UIImage+Size.swift in Sources */,
				84639E3E210B14B40042078E /* PostImageCell.swift in Sources */,
				84157364210273F100C47B65 /* Post.swift in Sources */,
				8410E30B20FA30E200401577 /* HomeViewController.swift in Sources */,
				8412D23A20F8CF3F009962D5 /* Storyboard+Utility.swift in Sources */,
				8411C16020FF6CF50085D9B6 /* PSFPhotoHelper.swift in Sources */,
				8410E30D20FA30F900401577 /* FindFriendsViewController.swift in Sources */,
				8415736621027D3100C47B65 /* StorageReference+Post.swift in Sources */,
				8412D23820F8CCD1009962D5 /* Constants.swift in Sources */,
				84527A602100A38B00F46C99 /* PostService.swift in Sources */,
				84569EC420F8950800FA983D /* CreateUsernameViewController.swift in Sources */,
				84639E40210B2FC80042078E /* PostHeaderCell.swift in Sources */,
				8416D1AF20F654A9002494AC /* AppDelegate.swift in Sources */,
			);
			runOnlyForDeploymentPostprocessing = 0;
		};
/* End PBXSourcesBuildPhase section */

/* Begin PBXVariantGroup section */
		8416D1B220F654A9002494AC /* Main.storyboard */ = {
			isa = PBXVariantGroup;
			children = (
				8416D1B320F654A9002494AC /* Base */,
			);
			name = Main.storyboard;
			sourceTree = "<group>";
		};
		8416D1B720F654AB002494AC /* LaunchScreen.storyboard */ = {
			isa = PBXVariantGroup;
			children = (
				8416D1B820F654AB002494AC /* Base */,
			);
			name = LaunchScreen.storyboard;
			sourceTree = "<group>";
		};
/* End PBXVariantGroup section */

/* Begin XCBuildConfiguration section */
		8416D1BB20F654AB002494AC /* Debug */ = {
			isa = XCBuildConfiguration;
			buildSettings = {
				ALWAYS_SEARCH_USER_PATHS = NO;
				CLANG_ANALYZER_NONNULL = YES;
				CLANG_ANALYZER_NUMBER_OBJECT_CONVERSION = YES_AGGRESSIVE;
				CLANG_CXX_LANGUAGE_STANDARD = "gnu++14";
				CLANG_CXX_LIBRARY = "libc++";
				CLANG_ENABLE_MODULES = YES;
				CLANG_ENABLE_OBJC_ARC = YES;
				CLANG_ENABLE_OBJC_WEAK = YES;
				CLANG_WARN_BLOCK_CAPTURE_AUTORELEASING = YES;
				CLANG_WARN_BOOL_CONVERSION = YES;
				CLANG_WARN_COMMA = YES;
				CLANG_WARN_CONSTANT_CONVERSION = YES;
				CLANG_WARN_DEPRECATED_OBJC_IMPLEMENTATIONS = YES;
				CLANG_WARN_DIRECT_OBJC_ISA_USAGE = YES_ERROR;
				CLANG_WARN_DOCUMENTATION_COMMENTS = YES;
				CLANG_WARN_EMPTY_BODY = YES;
				CLANG_WARN_ENUM_CONVERSION = YES;
				CLANG_WARN_INFINITE_RECURSION = YES;
				CLANG_WARN_INT_CONVERSION = YES;
				CLANG_WARN_NON_LITERAL_NULL_CONVERSION = YES;
				CLANG_WARN_OBJC_IMPLICIT_RETAIN_SELF = YES;
				CLANG_WARN_OBJC_LITERAL_CONVERSION = YES;
				CLANG_WARN_OBJC_ROOT_CLASS = YES_ERROR;
				CLANG_WARN_RANGE_LOOP_ANALYSIS = YES;
				CLANG_WARN_STRICT_PROTOTYPES = YES;
				CLANG_WARN_SUSPICIOUS_MOVE = YES;
				CLANG_WARN_UNGUARDED_AVAILABILITY = YES_AGGRESSIVE;
				CLANG_WARN_UNREACHABLE_CODE = YES;
				CLANG_WARN__DUPLICATE_METHOD_MATCH = YES;
				CODE_SIGN_IDENTITY = "iPhone Developer";
				COPY_PHASE_STRIP = NO;
				DEBUG_INFORMATION_FORMAT = dwarf;
				ENABLE_STRICT_OBJC_MSGSEND = YES;
				ENABLE_TESTABILITY = YES;
				GCC_C_LANGUAGE_STANDARD = gnu11;
				GCC_DYNAMIC_NO_PIC = NO;
				GCC_NO_COMMON_BLOCKS = YES;
				GCC_OPTIMIZATION_LEVEL = 0;
				GCC_PREPROCESSOR_DEFINITIONS = (
					"DEBUG=1",
					"$(inherited)",
				);
				GCC_WARN_64_TO_32_BIT_CONVERSION = YES;
				GCC_WARN_ABOUT_RETURN_TYPE = YES_ERROR;
				GCC_WARN_UNDECLARED_SELECTOR = YES;
				GCC_WARN_UNINITIALIZED_AUTOS = YES_AGGRESSIVE;
				GCC_WARN_UNUSED_FUNCTION = YES;
				GCC_WARN_UNUSED_VARIABLE = YES;
				IPHONEOS_DEPLOYMENT_TARGET = 11.4;
				MTL_ENABLE_DEBUG_INFO = YES;
				ONLY_ACTIVE_ARCH = YES;
				SDKROOT = iphoneos;
				SWIFT_ACTIVE_COMPILATION_CONDITIONS = DEBUG;
				SWIFT_OPTIMIZATION_LEVEL = "-Onone";
			};
			name = Debug;
		};
		8416D1BC20F654AB002494AC /* Release */ = {
			isa = XCBuildConfiguration;
			buildSettings = {
				ALWAYS_SEARCH_USER_PATHS = NO;
				CLANG_ANALYZER_NONNULL = YES;
				CLANG_ANALYZER_NUMBER_OBJECT_CONVERSION = YES_AGGRESSIVE;
				CLANG_CXX_LANGUAGE_STANDARD = "gnu++14";
				CLANG_CXX_LIBRARY = "libc++";
				CLANG_ENABLE_MODULES = YES;
				CLANG_ENABLE_OBJC_ARC = YES;
				CLANG_ENABLE_OBJC_WEAK = YES;
				CLANG_WARN_BLOCK_CAPTURE_AUTORELEASING = YES;
				CLANG_WARN_BOOL_CONVERSION = YES;
				CLANG_WARN_COMMA = YES;
				CLANG_WARN_CONSTANT_CONVERSION = YES;
				CLANG_WARN_DEPRECATED_OBJC_IMPLEMENTATIONS = YES;
				CLANG_WARN_DIRECT_OBJC_ISA_USAGE = YES_ERROR;
				CLANG_WARN_DOCUMENTATION_COMMENTS = YES;
				CLANG_WARN_EMPTY_BODY = YES;
				CLANG_WARN_ENUM_CONVERSION = YES;
				CLANG_WARN_INFINITE_RECURSION = YES;
				CLANG_WARN_INT_CONVERSION = YES;
				CLANG_WARN_NON_LITERAL_NULL_CONVERSION = YES;
				CLANG_WARN_OBJC_IMPLICIT_RETAIN_SELF = YES;
				CLANG_WARN_OBJC_LITERAL_CONVERSION = YES;
				CLANG_WARN_OBJC_ROOT_CLASS = YES_ERROR;
				CLANG_WARN_RANGE_LOOP_ANALYSIS = YES;
				CLANG_WARN_STRICT_PROTOTYPES = YES;
				CLANG_WARN_SUSPICIOUS_MOVE = YES;
				CLANG_WARN_UNGUARDED_AVAILABILITY = YES_AGGRESSIVE;
				CLANG_WARN_UNREACHABLE_CODE = YES;
				CLANG_WARN__DUPLICATE_METHOD_MATCH = YES;
				CODE_SIGN_IDENTITY = "iPhone Developer";
				COPY_PHASE_STRIP = NO;
				DEBUG_INFORMATION_FORMAT = "dwarf-with-dsym";
				ENABLE_NS_ASSERTIONS = NO;
				ENABLE_STRICT_OBJC_MSGSEND = YES;
				GCC_C_LANGUAGE_STANDARD = gnu11;
				GCC_NO_COMMON_BLOCKS = YES;
				GCC_WARN_64_TO_32_BIT_CONVERSION = YES;
				GCC_WARN_ABOUT_RETURN_TYPE = YES_ERROR;
				GCC_WARN_UNDECLARED_SELECTOR = YES;
				GCC_WARN_UNINITIALIZED_AUTOS = YES_AGGRESSIVE;
				GCC_WARN_UNUSED_FUNCTION = YES;
				GCC_WARN_UNUSED_VARIABLE = YES;
				IPHONEOS_DEPLOYMENT_TARGET = 11.4;
				MTL_ENABLE_DEBUG_INFO = NO;
				SDKROOT = iphoneos;
				SWIFT_COMPILATION_MODE = wholemodule;
				SWIFT_OPTIMIZATION_LEVEL = "-O";
				VALIDATE_PRODUCT = YES;
			};
			name = Release;
		};
		8416D1BE20F654AB002494AC /* Debug */ = {
			isa = XCBuildConfiguration;
			baseConfigurationReference = D4EE2C9165BEA0C9FB9C66CE /* Pods-PhotoShareFetch.debug.xcconfig */;
			buildSettings = {
				ASSETCATALOG_COMPILER_APPICON_NAME = AppIcon;
				CODE_SIGN_STYLE = Automatic;
				DEVELOPMENT_TEAM = 89UTVW5LMF;
				INFOPLIST_FILE = "$(SRCROOT)/Supporting Files/Info.plist";
				LD_RUNPATH_SEARCH_PATHS = (
					"$(inherited)",
					"@executable_path/Frameworks",
				);
				PRODUCT_BUNDLE_IDENTIFIER = com.PhotoShareFetch;
				PRODUCT_NAME = "$(TARGET_NAME)";
				SWIFT_VERSION = 4.0;
				TARGETED_DEVICE_FAMILY = "1,2";
			};
			name = Debug;
		};
		8416D1BF20F654AB002494AC /* Release */ = {
			isa = XCBuildConfiguration;
			baseConfigurationReference = F2D121ED03022EACC9B1441A /* Pods-PhotoShareFetch.release.xcconfig */;
			buildSettings = {
				ASSETCATALOG_COMPILER_APPICON_NAME = AppIcon;
				CODE_SIGN_STYLE = Automatic;
				DEVELOPMENT_TEAM = 89UTVW5LMF;
				INFOPLIST_FILE = "$(SRCROOT)/Supporting Files/Info.plist";
				LD_RUNPATH_SEARCH_PATHS = (
					"$(inherited)",
					"@executable_path/Frameworks",
				);
				PRODUCT_BUNDLE_IDENTIFIER = com.PhotoShareFetch;
				PRODUCT_NAME = "$(TARGET_NAME)";
				SWIFT_VERSION = 4.0;
				TARGETED_DEVICE_FAMILY = "1,2";
			};
			name = Release;
		};
/* End XCBuildConfiguration section */

/* Begin XCConfigurationList section */
		8416D1A620F654A9002494AC /* Build configuration list for PBXProject "PhotoShareFetch" */ = {
			isa = XCConfigurationList;
			buildConfigurations = (
				8416D1BB20F654AB002494AC /* Debug */,
				8416D1BC20F654AB002494AC /* Release */,
			);
			defaultConfigurationIsVisible = 0;
			defaultConfigurationName = Release;
		};
		8416D1BD20F654AB002494AC /* Build configuration list for PBXNativeTarget "PhotoShareFetch" */ = {
			isa = XCConfigurationList;
			buildConfigurations = (
				8416D1BE20F654AB002494AC /* Debug */,
				8416D1BF20F654AB002494AC /* Release */,
			);
			defaultConfigurationIsVisible = 0;
			defaultConfigurationName = Release;
		};
/* End XCConfigurationList section */
	};
	rootObject = 8416D1A320F654A9002494AC /* Project object */;
}
